// !$*UTF8*$!
{
	archiveVersion = 1;
	classes = {
	};
	objectVersion = 50;
	objects = {

/* Begin PBXBuildFile section */
		1862B38F23BDD2A200A30134 /* AppDelegate.swift in Sources */ = {isa = PBXBuildFile; fileRef = 1862B38E23BDD2A200A30134 /* AppDelegate.swift */; };
		1862B39123BDD2A200A30134 /* SceneDelegate.swift in Sources */ = {isa = PBXBuildFile; fileRef = 1862B39023BDD2A200A30134 /* SceneDelegate.swift */; };
		1862B39323BDD2A200A30134 /* ViewControllerA.swift in Sources */ = {isa = PBXBuildFile; fileRef = 1862B39223BDD2A200A30134 /* ViewControllerA.swift */; };
		1862B39623BDD2A200A30134 /* Main.storyboard in Resources */ = {isa = PBXBuildFile; fileRef = 1862B39423BDD2A200A30134 /* Main.storyboard */; };
		1862B39923BDD2A200A30134 /* ViewControllerTransitionAnimation.xcdatamodeld in Sources */ = {isa = PBXBuildFile; fileRef = 1862B39723BDD2A200A30134 /* ViewControllerTransitionAnimation.xcdatamodeld */; };
		1862B39B23BDD2A400A30134 /* Assets.xcassets in Resources */ = {isa = PBXBuildFile; fileRef = 1862B39A23BDD2A400A30134 /* Assets.xcassets */; };
		1862B39E23BDD2A400A30134 /* LaunchScreen.storyboard in Resources */ = {isa = PBXBuildFile; fileRef = 1862B39C23BDD2A400A30134 /* LaunchScreen.storyboard */; };
		1862B3A923BDD2A400A30134 /* ViewControllerTransitionAnimationTests.swift in Sources */ = {isa = PBXBuildFile; fileRef = 1862B3A823BDD2A400A30134 /* ViewControllerTransitionAnimationTests.swift */; };
		1862B3B423BDD2A400A30134 /* ViewControllerTransitionAnimationUITests.swift in Sources */ = {isa = PBXBuildFile; fileRef = 1862B3B323BDD2A400A30134 /* ViewControllerTransitionAnimationUITests.swift */; };
		1862B3C223BDD2D400A30134 /* ViewControllerB.swift in Sources */ = {isa = PBXBuildFile; fileRef = 1862B3C123BDD2D400A30134 /* ViewControllerB.swift */; };
		1862B66423BDE2D300A30134 /* CircularTransition.swift in Sources */ = {isa = PBXBuildFile; fileRef = 1862B66323BDE2D300A30134 /* CircularTransition.swift */; };
/* End PBXBuildFile section */

/* Begin PBXContainerItemProxy section */
		1862B3A523BDD2A400A30134 /* PBXContainerItemProxy */ = {
			isa = PBXContainerItemProxy;
			containerPortal = 1862B38323BDD2A200A30134 /* Project object */;
			proxyType = 1;
			remoteGlobalIDString = 1862B38A23BDD2A200A30134;
			remoteInfo = ViewControllerTransitionAnimation;
		};
		1862B3B023BDD2A400A30134 /* PBXContainerItemProxy */ = {
			isa = PBXContainerItemProxy;
			containerPortal = 1862B38323BDD2A200A30134 /* Project object */;
			proxyType = 1;
			remoteGlobalIDString = 1862B38A23BDD2A200A30134;
			remoteInfo = ViewControllerTransitionAnimation;
		};
/* End PBXContainerItemProxy section */

/* Begin PBXFileReference section */
		1862B38B23BDD2A200A30134 /* ViewControllerTransitionAnimation.app */ = {isa = PBXFileReference; explicitFileType = wrapper.application; includeInIndex = 0; path = ViewControllerTransitionAnimation.app; sourceTree = BUILT_PRODUCTS_DIR; };
		1862B38E23BDD2A200A30134 /* AppDelegate.swift */ = {isa = PBXFileReference; lastKnownFileType = sourcecode.swift; path = AppDelegate.swift; sourceTree = "<group>"; };
		1862B39023BDD2A200A30134 /* SceneDelegate.swift */ = {isa = PBXFileReference; lastKnownFileType = sourcecode.swift; path = SceneDelegate.swift; sourceTree = "<group>"; };
		1862B39223BDD2A200A30134 /* ViewControllerA.swift */ = {isa = PBXFileReference; lastKnownFileType = sourcecode.swift; path = ViewControllerA.swift; sourceTree = "<group>"; };
		1862B39523BDD2A200A30134 /* Base */ = {isa = PBXFileReference; lastKnownFileType = file.storyboard; name = Base; path = Base.lproj/Main.storyboard; sourceTree = "<group>"; };
		1862B39823BDD2A200A30134 /* ViewControllerTransitionAnimation.xcdatamodel */ = {isa = PBXFileReference; lastKnownFileType = wrapper.xcdatamodel; path = ViewControllerTransitionAnimation.xcdatamodel; sourceTree = "<group>"; };
		1862B39A23BDD2A400A30134 /* Assets.xcassets */ = {isa = PBXFileReference; lastKnownFileType = folder.assetcatalog; path = Assets.xcassets; sourceTree = "<group>"; };
		1862B39D23BDD2A400A30134 /* Base */ = {isa = PBXFileReference; lastKnownFileType = file.storyboard; name = Base; path = Base.lproj/LaunchScreen.storyboard; sourceTree = "<group>"; };
		1862B39F23BDD2A400A30134 /* Info.plist */ = {isa = PBXFileReference; lastKnownFileType = text.plist.xml; path = Info.plist; sourceTree = "<group>"; };
		1862B3A423BDD2A400A30134 /* ViewControllerTransitionAnimationTests.xctest */ = {isa = PBXFileReference; explicitFileType = wrapper.cfbundle; includeInIndex = 0; path = ViewControllerTransitionAnimationTests.xctest; sourceTree = BUILT_PRODUCTS_DIR; };
		1862B3A823BDD2A400A30134 /* ViewControllerTransitionAnimationTests.swift */ = {isa = PBXFileReference; lastKnownFileType = sourcecode.swift; path = ViewControllerTransitionAnimationTests.swift; sourceTree = "<group>"; };
		1862B3AA23BDD2A400A30134 /* Info.plist */ = {isa = PBXFileReference; lastKnownFileType = text.plist.xml; path = Info.plist; sourceTree = "<group>"; };
		1862B3AF23BDD2A400A30134 /* ViewControllerTransitionAnimationUITests.xctest */ = {isa = PBXFileReference; explicitFileType = wrapper.cfbundle; includeInIndex = 0; path = ViewControllerTransitionAnimationUITests.xctest; sourceTree = BUILT_PRODUCTS_DIR; };
		1862B3B323BDD2A400A30134 /* ViewControllerTransitionAnimationUITests.swift */ = {isa = PBXFileReference; lastKnownFileType = sourcecode.swift; path = ViewControllerTransitionAnimationUITests.swift; sourceTree = "<group>"; };
		1862B3B523BDD2A400A30134 /* Info.plist */ = {isa = PBXFileReference; lastKnownFileType = text.plist.xml; path = Info.plist; sourceTree = "<group>"; };
		1862B3C123BDD2D400A30134 /* ViewControllerB.swift */ = {isa = PBXFileReference; lastKnownFileType = sourcecode.swift; path = ViewControllerB.swift; sourceTree = "<group>"; };
		1862B66323BDE2D300A30134 /* CircularTransition.swift */ = {isa = PBXFileReference; lastKnownFileType = sourcecode.swift; path = CircularTransition.swift; sourceTree = "<group>"; };
/* End PBXFileReference section */

/* Begin PBXFrameworksBuildPhase section */
		1862B38823BDD2A200A30134 /* Frameworks */ = {
			isa = PBXFrameworksBuildPhase;
			buildActionMask = 2147483647;
			files = (
			);
			runOnlyForDeploymentPostprocessing = 0;
		};
		1862B3A123BDD2A400A30134 /* Frameworks */ = {
			isa = PBXFrameworksBuildPhase;
			buildActionMask = 2147483647;
			files = (
			);
			runOnlyForDeploymentPostprocessing = 0;
		};
		1862B3AC23BDD2A400A30134 /* Frameworks */ = {
			isa = PBXFrameworksBuildPhase;
			buildActionMask = 2147483647;
			files = (
			);
			runOnlyForDeploymentPostprocessing = 0;
		};
/* End PBXFrameworksBuildPhase section */

/* Begin PBXGroup section */
		1862B38223BDD2A200A30134 = {
			isa = PBXGroup;
			children = (
				1862B38D23BDD2A200A30134 /* ViewControllerTransitionAnimation */,
				1862B3A723BDD2A400A30134 /* ViewControllerTransitionAnimationTests */,
				1862B3B223BDD2A400A30134 /* ViewControllerTransitionAnimationUITests */,
				1862B38C23BDD2A200A30134 /* Products */,
			);
			sourceTree = "<group>";
		};
		1862B38C23BDD2A200A30134 /* Products */ = {
			isa = PBXGroup;
			children = (
				1862B38B23BDD2A200A30134 /* ViewControllerTransitionAnimation.app */,
				1862B3A423BDD2A400A30134 /* ViewControllerTransitionAnimationTests.xctest */,
				1862B3AF23BDD2A400A30134 /* ViewControllerTransitionAnimationUITests.xctest */,
			);
			name = Products;
			sourceTree = "<group>";
		};
		1862B38D23BDD2A200A30134 /* ViewControllerTransitionAnimation */ = {
			isa = PBXGroup;
			children = (
				1862B38E23BDD2A200A30134 /* AppDelegate.swift */,
				1862B39023BDD2A200A30134 /* SceneDelegate.swift */,
				1862B66323BDE2D300A30134 /* CircularTransition.swift */,
				1862B39223BDD2A200A30134 /* ViewControllerA.swift */,
				1862B3C123BDD2D400A30134 /* ViewControllerB.swift */,
				1862B39423BDD2A200A30134 /* Main.storyboard */,
				1862B39A23BDD2A400A30134 /* Assets.xcassets */,
				1862B39C23BDD2A400A30134 /* LaunchScreen.storyboard */,
				1862B39F23BDD2A400A30134 /* Info.plist */,
				1862B39723BDD2A200A30134 /* ViewControllerTransitionAnimation.xcdatamodeld */,
			);
			path = ViewControllerTransitionAnimation;
			sourceTree = "<group>";
		};
		1862B3A723BDD2A400A30134 /* ViewControllerTransitionAnimationTests */ = {
			isa = PBXGroup;
			children = (
				1862B3A823BDD2A400A30134 /* ViewControllerTransitionAnimationTests.swift */,
				1862B3AA23BDD2A400A30134 /* Info.plist */,
			);
			path = ViewControllerTransitionAnimationTests;
			sourceTree = "<group>";
		};
		1862B3B223BDD2A400A30134 /* ViewControllerTransitionAnimationUITests */ = {
			isa = PBXGroup;
			children = (
				1862B3B323BDD2A400A30134 /* ViewControllerTransitionAnimationUITests.swift */,
				1862B3B523BDD2A400A30134 /* Info.plist */,
			);
			path = ViewControllerTransitionAnimationUITests;
			sourceTree = "<group>";
		};
/* End PBXGroup section */

/* Begin PBXNativeTarget section */
		1862B38A23BDD2A200A30134 /* ViewControllerTransitionAnimation */ = {
			isa = PBXNativeTarget;
			buildConfigurationList = 1862B3B823BDD2A400A30134 /* Build configuration list for PBXNativeTarget "ViewControllerTransitionAnimation" */;
			buildPhases = (
				1862B38723BDD2A200A30134 /* Sources */,
				1862B38823BDD2A200A30134 /* Frameworks */,
				1862B38923BDD2A200A30134 /* Resources */,
			);
			buildRules = (
			);
			dependencies = (
			);
			name = ViewControllerTransitionAnimation;
			productName = ViewControllerTransitionAnimation;
			productReference = 1862B38B23BDD2A200A30134 /* ViewControllerTransitionAnimation.app */;
			productType = "com.apple.product-type.application";
		};
		1862B3A323BDD2A400A30134 /* ViewControllerTransitionAnimationTests */ = {
			isa = PBXNativeTarget;
			buildConfigurationList = 1862B3BB23BDD2A400A30134 /* Build configuration list for PBXNativeTarget "ViewControllerTransitionAnimationTests" */;
			buildPhases = (
				1862B3A023BDD2A400A30134 /* Sources */,
				1862B3A123BDD2A400A30134 /* Frameworks */,
				1862B3A223BDD2A400A30134 /* Resources */,
			);
			buildRules = (
			);
			dependencies = (
				1862B3A623BDD2A400A30134 /* PBXTargetDependency */,
			);
			name = ViewControllerTransitionAnimationTests;
			productName = ViewControllerTransitionAnimationTests;
			productReference = 1862B3A423BDD2A400A30134 /* ViewControllerTransitionAnimationTests.xctest */;
			productType = "com.apple.product-type.bundle.unit-test";
		};
		1862B3AE23BDD2A400A30134 /* ViewControllerTransitionAnimationUITests */ = {
			isa = PBXNativeTarget;
			buildConfigurationList = 1862B3BE23BDD2A400A30134 /* Build configuration list for PBXNativeTarget "ViewControllerTransitionAnimationUITests" */;
			buildPhases = (
				1862B3AB23BDD2A400A30134 /* Sources */,
				1862B3AC23BDD2A400A30134 /* Frameworks */,
				1862B3AD23BDD2A400A30134 /* Resources */,
			);
			buildRules = (
			);
			dependencies = (
				1862B3B123BDD2A400A30134 /* PBXTargetDependency */,
			);
			name = ViewControllerTransitionAnimationUITests;
			productName = ViewControllerTransitionAnimationUITests;
			productReference = 1862B3AF23BDD2A400A30134 /* ViewControllerTransitionAnimationUITests.xctest */;
			productType = "com.apple.product-type.bundle.ui-testing";
		};
/* End PBXNativeTarget section */

/* Begin PBXProject section */
		1862B38323BDD2A200A30134 /* Project object */ = {
			isa = PBXProject;
			attributes = {
				LastSwiftUpdateCheck = 1130;
				LastUpgradeCheck = 1130;
				ORGANIZATIONNAME = AceQuery;
				TargetAttributes = {
					1862B38A23BDD2A200A30134 = {
						CreatedOnToolsVersion = 11.3;
					};
					1862B3A323BDD2A400A30134 = {
						CreatedOnToolsVersion = 11.3;
						TestTargetID = 1862B38A23BDD2A200A30134;
					};
					1862B3AE23BDD2A400A30134 = {
						CreatedOnToolsVersion = 11.3;
						TestTargetID = 1862B38A23BDD2A200A30134;
					};
				};
			};
			buildConfigurationList = 1862B38623BDD2A200A30134 /* Build configuration list for PBXProject "ViewControllerTransitionAnimation" */;
			compatibilityVersion = "Xcode 9.3";
			developmentRegion = en;
			hasScannedForEncodings = 0;
			knownRegions = (
				en,
				Base,
			);
			mainGroup = 1862B38223BDD2A200A30134;
			productRefGroup = 1862B38C23BDD2A200A30134 /* Products */;
			projectDirPath = "";
			projectRoot = "";
			targets = (
				1862B38A23BDD2A200A30134 /* ViewControllerTransitionAnimation */,
				1862B3A323BDD2A400A30134 /* ViewControllerTransitionAnimationTests */,
				1862B3AE23BDD2A400A30134 /* ViewControllerTransitionAnimationUITests */,
			);
		};
/* End PBXProject section */

/* Begin PBXResourcesBuildPhase section */
		1862B38923BDD2A200A30134 /* Resources */ = {
			isa = PBXResourcesBuildPhase;
			buildActionMask = 2147483647;
			files = (
				1862B39E23BDD2A400A30134 /* LaunchScreen.storyboard in Resources */,
				1862B39B23BDD2A400A30134 /* Assets.xcassets in Resources */,
				1862B39623BDD2A200A30134 /* Main.storyboard in Resources */,
			);
			runOnlyForDeploymentPostprocessing = 0;
		};
		1862B3A223BDD2A400A30134 /* Resources */ = {
			isa = PBXResourcesBuildPhase;
			buildActionMask = 2147483647;
			files = (
			);
			runOnlyForDeploymentPostprocessing = 0;
		};
		1862B3AD23BDD2A400A30134 /* Resources */ = {
			isa = PBXResourcesBuildPhase;
			buildActionMask = 2147483647;
			files = (
			);
			runOnlyForDeploymentPostprocessing = 0;
		};
/* End PBXResourcesBuildPhase section */

/* Begin PBXSourcesBuildPhase section */
		1862B38723BDD2A200A30134 /* Sources */ = {
			isa = PBXSourcesBuildPhase;
			buildActionMask = 2147483647;
			files = (
				1862B39923BDD2A200A30134 /* ViewControllerTransitionAnimation.xcdatamodeld in Sources */,
				1862B66423BDE2D300A30134 /* CircularTransition.swift in Sources */,
				1862B39323BDD2A200A30134 /* ViewControllerA.swift in Sources */,
				1862B3C223BDD2D400A30134 /* ViewControllerB.swift in Sources */,
				1862B38F23BDD2A200A30134 /* AppDelegate.swift in Sources */,
				1862B39123BDD2A200A30134 /* SceneDelegate.swift in Sources */,
			);
			runOnlyForDeploymentPostprocessing = 0;
		};
		1862B3A023BDD2A400A30134 /* Sources */ = {
			isa = PBXSourcesBuildPhase;
			buildActionMask = 2147483647;
			files = (
				1862B3A923BDD2A400A30134 /* ViewControllerTransitionAnimationTests.swift in Sources */,
			);
			runOnlyForDeploymentPostprocessing = 0;
		};
		1862B3AB23BDD2A400A30134 /* Sources */ = {
			isa = PBXSourcesBuildPhase;
			buildActionMask = 2147483647;
			files = (
				1862B3B423BDD2A400A30134 /* ViewControllerTransitionAnimationUITests.swift in Sources */,
			);
			runOnlyForDeploymentPostprocessing = 0;
		};
/* End PBXSourcesBuildPhase section */

/* Begin PBXTargetDependency section */
		1862B3A623BDD2A400A30134 /* PBXTargetDependency */ = {
			isa = PBXTargetDependency;
			target = 1862B38A23BDD2A200A30134 /* ViewControllerTransitionAnimation */;
			targetProxy = 1862B3A523BDD2A400A30134 /* PBXContainerItemProxy */;
		};
		1862B3B123BDD2A400A30134 /* PBXTargetDependency */ = {
			isa = PBXTargetDependency;
			target = 1862B38A23BDD2A200A30134 /* ViewControllerTransitionAnimation */;
			targetProxy = 1862B3B023BDD2A400A30134 /* PBXContainerItemProxy */;
		};
/* End PBXTargetDependency section */

/* Begin PBXVariantGroup section */
		1862B39423BDD2A200A30134 /* Main.storyboard */ = {
			isa = PBXVariantGroup;
			children = (
				1862B39523BDD2A200A30134 /* Base */,
			);
			name = Main.storyboard;
			sourceTree = "<group>";
		};
		1862B39C23BDD2A400A30134 /* LaunchScreen.storyboard */ = {
			isa = PBXVariantGroup;
			children = (
				1862B39D23BDD2A400A30134 /* Base */,
			);
			name = LaunchScreen.storyboard;
			sourceTree = "<group>";
		};
/* End PBXVariantGroup section */

/* Begin XCBuildConfiguration section */
		1862B3B623BDD2A400A30134 /* Debug */ = {
			isa = XCBuildConfiguration;
			buildSettings = {
				ALWAYS_SEARCH_USER_PATHS = NO;
				CLANG_ANALYZER_NONNULL = YES;
				CLANG_ANALYZER_NUMBER_OBJECT_CONVERSION = YES_AGGRESSIVE;
				CLANG_CXX_LANGUAGE_STANDARD = "gnu++14";
				CLANG_CXX_LIBRARY = "libc++";
				CLANG_ENABLE_MODULES = YES;
				CLANG_ENABLE_OBJC_ARC = YES;
				CLANG_ENABLE_OBJC_WEAK = YES;
				CLANG_WARN_BLOCK_CAPTURE_AUTORELEASING = YES;
				CLANG_WARN_BOOL_CONVERSION = YES;
				CLANG_WARN_COMMA = YES;
				CLANG_WARN_CONSTANT_CONVERSION = YES;
				CLANG_WARN_DEPRECATED_OBJC_IMPLEMENTATIONS = YES;
				CLANG_WARN_DIRECT_OBJC_ISA_USAGE = YES_ERROR;
				CLANG_WARN_DOCUMENTATION_COMMENTS = YES;
				CLANG_WARN_EMPTY_BODY = YES;
				CLANG_WARN_ENUM_CONVERSION = YES;
				CLANG_WARN_INFINITE_RECURSION = YES;
				CLANG_WARN_INT_CONVERSION = YES;
				CLANG_WARN_NON_LITERAL_NULL_CONVERSION = YES;
				CLANG_WARN_OBJC_IMPLICIT_RETAIN_SELF = YES;
				CLANG_WARN_OBJC_LITERAL_CONVERSION = YES;
				CLANG_WARN_OBJC_ROOT_CLASS = YES_ERROR;
				CLANG_WARN_RANGE_LOOP_ANALYSIS = YES;
				CLANG_WARN_STRICT_PROTOTYPES = YES;
				CLANG_WARN_SUSPICIOUS_MOVE = YES;
				CLANG_WARN_UNGUARDED_AVAILABILITY = YES_AGGRESSIVE;
				CLANG_WARN_UNREACHABLE_CODE = YES;
				CLANG_WARN__DUPLICATE_METHOD_MATCH = YES;
				COPY_PHASE_STRIP = NO;
				DEBUG_INFORMATION_FORMAT = dwarf;
				ENABLE_STRICT_OBJC_MSGSEND = YES;
				ENABLE_TESTABILITY = YES;
				GCC_C_LANGUAGE_STANDARD = gnu11;
				GCC_DYNAMIC_NO_PIC = NO;
				GCC_NO_COMMON_BLOCKS = YES;
				GCC_OPTIMIZATION_LEVEL = 0;
				GCC_PREPROCESSOR_DEFINITIONS = (
					"DEBUG=1",
					"$(inherited)",
				);
				GCC_WARN_64_TO_32_BIT_CONVERSION = YES;
				GCC_WARN_ABOUT_RETURN_TYPE = YES_ERROR;
				GCC_WARN_UNDECLARED_SELECTOR = YES;
				GCC_WARN_UNINITIALIZED_AUTOS = YES_AGGRESSIVE;
				GCC_WARN_UNUSED_FUNCTION = YES;
				GCC_WARN_UNUSED_VARIABLE = YES;
				IPHONEOS_DEPLOYMENT_TARGET = 13.2;
				MTL_ENABLE_DEBUG_INFO = INCLUDE_SOURCE;
				MTL_FAST_MATH = YES;
				ONLY_ACTIVE_ARCH = YES;
				SDKROOT = iphoneos;
				SWIFT_ACTIVE_COMPILATION_CONDITIONS = DEBUG;
				SWIFT_OPTIMIZATION_LEVEL = "-Onone";
			};
			name = Debug;
		};
		1862B3B723BDD2A400A30134 /* Release */ = {
			isa = XCBuildConfiguration;
			buildSettings = {
				ALWAYS_SEARCH_USER_PATHS = NO;
				CLANG_ANALYZER_NONNULL = YES;
				CLANG_ANALYZER_NUMBER_OBJECT_CONVERSION = YES_AGGRESSIVE;
				CLANG_CXX_LANGUAGE_STANDARD = "gnu++14";
				CLANG_CXX_LIBRARY = "libc++";
				CLANG_ENABLE_MODULES = YES;
				CLANG_ENABLE_OBJC_ARC = YES;
				CLANG_ENABLE_OBJC_WEAK = YES;
				CLANG_WARN_BLOCK_CAPTURE_AUTORELEASING = YES;
				CLANG_WARN_BOOL_CONVERSION = YES;
				CLANG_WARN_COMMA = YES;
				CLANG_WARN_CONSTANT_CONVERSION = YES;
				CLANG_WARN_DEPRECATED_OBJC_IMPLEMENTATIONS = YES;
				CLANG_WARN_DIRECT_OBJC_ISA_USAGE = YES_ERROR;
				CLANG_WARN_DOCUMENTATION_COMMENTS = YES;
				CLANG_WARN_EMPTY_BODY = YES;
				CLANG_WARN_ENUM_CONVERSION = YES;
				CLANG_WARN_INFINITE_RECURSION = YES;
				CLANG_WARN_INT_CONVERSION = YES;
				CLANG_WARN_NON_LITERAL_NULL_CONVERSION = YES;
				CLANG_WARN_OBJC_IMPLICIT_RETAIN_SELF = YES;
				CLANG_WARN_OBJC_LITERAL_CONVERSION = YES;
				CLANG_WARN_OBJC_ROOT_CLASS = YES_ERROR;
				CLANG_WARN_RANGE_LOOP_ANALYSIS = YES;
				CLANG_WARN_STRICT_PROTOTYPES = YES;
				CLANG_WARN_SUSPICIOUS_MOVE = YES;
				CLANG_WARN_UNGUARDED_AVAILABILITY = YES_AGGRESSIVE;
				CLANG_WARN_UNREACHABLE_CODE = YES;
				CLANG_WARN__DUPLICATE_METHOD_MATCH = YES;
				COPY_PHASE_STRIP = NO;
				DEBUG_INFORMATION_FORMAT = "dwarf-with-dsym";
				ENABLE_NS_ASSERTIONS = NO;
				ENABLE_STRICT_OBJC_MSGSEND = YES;
				GCC_C_LANGUAGE_STANDARD = gnu11;
				GCC_NO_COMMON_BLOCKS = YES;
				GCC_WARN_64_TO_32_BIT_CONVERSION = YES;
				GCC_WARN_ABOUT_RETURN_TYPE = YES_ERROR;
				GCC_WARN_UNDECLARED_SELECTOR = YES;
				GCC_WARN_UNINITIALIZED_AUTOS = YES_AGGRESSIVE;
				GCC_WARN_UNUSED_FUNCTION = YES;
				GCC_WARN_UNUSED_VARIABLE = YES;
				IPHONEOS_DEPLOYMENT_TARGET = 13.2;
				MTL_ENABLE_DEBUG_INFO = NO;
				MTL_FAST_MATH = YES;
				SDKROOT = iphoneos;
				SWIFT_COMPILATION_MODE = wholemodule;
				SWIFT_OPTIMIZATION_LEVEL = "-O";
				VALIDATE_PRODUCT = YES;
			};
			name = Release;
		};
		1862B3B923BDD2A400A30134 /* Debug */ = {
			isa = XCBuildConfiguration;
			buildSettings = {
				ASSETCATALOG_COMPILER_APPICON_NAME = AppIcon;
				CODE_SIGN_STYLE = Automatic;
				DEVELOPMENT_TEAM = X64KFLXG3H;
				INFOPLIST_FILE = ViewControllerTransitionAnimation/Info.plist;
				LD_RUNPATH_SEARCH_PATHS = (
					"$(inherited)",
					"@executable_path/Frameworks",
				);
				PRODUCT_BUNDLE_IDENTIFIER = com.nutdanai.vankrua.ViewControllerTransitionAnimation;
				PRODUCT_NAME = "$(TARGET_NAME)";
				SWIFT_VERSION = 5.0;
				TARGETED_DEVICE_FAMILY = "1,2";
			};
			name = Debug;
		};
		1862B3BA23BDD2A400A30134 /* Release */ = {
			isa = XCBuildConfiguration;
			buildSettings = {
				ASSETCATALOG_COMPILER_APPICON_NAME = AppIcon;
				CODE_SIGN_STYLE = Automatic;
				DEVELOPMENT_TEAM = X64KFLXG3H;
				INFOPLIST_FILE = ViewControllerTransitionAnimation/Info.plist;
				LD_RUNPATH_SEARCH_PATHS = (
					"$(inherited)",
					"@executable_path/Frameworks",
				);
				PRODUCT_BUNDLE_IDENTIFIER = com.nutdanai.vankrua.ViewControllerTransitionAnimation;
				PRODUCT_NAME = "$(TARGET_NAME)";
				SWIFT_VERSION = 5.0;
				TARGETED_DEVICE_FAMILY = "1,2";
			};
			name = Release;
		};
		1862B3BC23BDD2A400A30134 /* Debug */ = {
			isa = XCBuildConfiguration;
			buildSettings = {
				ALWAYS_EMBED_SWIFT_STANDARD_LIBRARIES = YES;
				BUNDLE_LOADER = "$(TEST_HOST)";
				CODE_SIGN_STYLE = Automatic;
				DEVELOPMENT_TEAM = X64KFLXG3H;
				INFOPLIST_FILE = ViewControllerTransitionAnimationTests/Info.plist;
				IPHONEOS_DEPLOYMENT_TARGET = 13.2;
				LD_RUNPATH_SEARCH_PATHS = (
					"$(inherited)",
					"@executable_path/Frameworks",
					"@loader_path/Frameworks",
				);
				PRODUCT_BUNDLE_IDENTIFIER = com.nutdanai.vankrua.ViewControllerTransitionAnimationTests;
				PRODUCT_NAME = "$(TARGET_NAME)";
				SWIFT_VERSION = 5.0;
				TARGETED_DEVICE_FAMILY = "1,2";
				TEST_HOST = "$(BUILT_PRODUCTS_DIR)/ViewControllerTransitionAnimation.app/ViewControllerTransitionAnimation";
			};
			name = Debug;
		};
		1862B3BD23BDD2A400A30134 /* Release */ = {
			isa = XCBuildConfiguration;
			buildSettings = {
				ALWAYS_EMBED_SWIFT_STANDARD_LIBRARIES = YES;
				BUNDLE_LOADER = "$(TEST_HOST)";
				CODE_SIGN_STYLE = Automatic;
				DEVELOPMENT_TEAM = X64KFLXG3H;
				INFOPLIST_FILE = ViewControllerTransitionAnimationTests/Info.plist;
				IPHONEOS_DEPLOYMENT_TARGET = 13.2;
				LD_RUNPATH_SEARCH_PATHS = (
					"$(inherited)",
					"@executable_path/Frameworks",
					"@loader_path/Frameworks",
				);
				PRODUCT_BUNDLE_IDENTIFIER = com.nutdanai.vankrua.ViewControllerTransitionAnimationTests;
				PRODUCT_NAME = "$(TARGET_NAME)";
				SWIFT_VERSION = 5.0;
				TARGETED_DEVICE_FAMILY = "1,2";
				TEST_HOST = "$(BUILT_PRODUCTS_DIR)/ViewControllerTransitionAnimation.app/ViewControllerTransitionAnimation";
			};
			name = Release;
		};
		1862B3BF23BDD2A400A30134 /* Debug */ = {
			isa = XCBuildConfiguration;
			buildSettings = {
				ALWAYS_EMBED_SWIFT_STANDARD_LIBRARIES = YES;
				CODE_SIGN_STYLE = Automatic;
				DEVELOPMENT_TEAM = X64KFLXG3H;
				INFOPLIST_FILE = ViewControllerTransitionAnimationUITests/Info.plist;
				LD_RUNPATH_SEARCH_PATHS = (
					"$(inherited)",
					"@executable_path/Frameworks",
					"@loader_path/Frameworks",
				);
				PRODUCT_BUNDLE_IDENTIFIER = com.nutdanai.vankrua.ViewControllerTransitionAnimationUITests;
				PRODUCT_NAME = "$(TARGET_NAME)";
				SWIFT_VERSION = 5.0;
				TARGETED_DEVICE_FAMILY = "1,2";
				TEST_TARGET_NAME = ViewControllerTransitionAnimation;
			};
			name = Debug;
		};
		1862B3C023BDD2A400A30134 /* Release */ = {
			isa = XCBuildConfiguration;
			buildSettings = {
				ALWAYS_EMBED_SWIFT_STANDARD_LIBRARIES = YES;
				CODE_SIGN_STYLE = Automatic;
				DEVELOPMENT_TEAM = X64KFLXG3H;
				INFOPLIST_FILE = ViewControllerTransitionAnimationUITests/Info.plist;
				LD_RUNPATH_SEARCH_PATHS = (
					"$(inherited)",
					"@executable_path/Frameworks",
					"@loader_path/Frameworks",
				);
				PRODUCT_BUNDLE_IDENTIFIER = com.nutdanai.vankrua.ViewControllerTransitionAnimationUITests;
				PRODUCT_NAME = "$(TARGET_NAME)";
				SWIFT_VERSION = 5.0;
				TARGETED_DEVICE_FAMILY = "1,2";
				TEST_TARGET_NAME = ViewControllerTransitionAnimation;
			};
			name = Release;
		};
/* End XCBuildConfiguration section */

/* Begin XCConfigurationList section */
		1862B38623BDD2A200A30134 /* Build configuration list for PBXProject "ViewControllerTransitionAnimation" */ = {
			isa = XCConfigurationList;
			buildConfigurations = (
				1862B3B623BDD2A400A30134 /* Debug */,
				1862B3B723BDD2A400A30134 /* Release */,
			);
			defaultConfigurationIsVisible = 0;
			defaultConfigurationName = Release;
		};
		1862B3B823BDD2A400A30134 /* Build configuration list for PBXNativeTarget "ViewControllerTransitionAnimation" */ = {
			isa = XCConfigurationList;
			buildConfigurations = (
				1862B3B923BDD2A400A30134 /* Debug */,
				1862B3BA23BDD2A400A30134 /* Release */,
			);
			defaultConfigurationIsVisible = 0;
			defaultConfigurationName = Release;
		};
		1862B3BB23BDD2A400A30134 /* Build configuration list for PBXNativeTarget "ViewControllerTransitionAnimationTests" */ = {
			isa = XCConfigurationList;
			buildConfigurations = (
				1862B3BC23BDD2A400A30134 /* Debug */,
				1862B3BD23BDD2A400A30134 /* Release */,
			);
			defaultConfigurationIsVisible = 0;
			defaultConfigurationName = Release;
		};
		1862B3BE23BDD2A400A30134 /* Build configuration list for PBXNativeTarget "ViewControllerTransitionAnimationUITests" */ = {
			isa = XCConfigurationList;
			buildConfigurations = (
				1862B3BF23BDD2A400A30134 /* Debug */,
				1862B3C023BDD2A400A30134 /* Release */,
			);
			defaultConfigurationIsVisible = 0;
			defaultConfigurationName = Release;
		};
/* End XCConfigurationList section */

/* Begin XCVersionGroup section */
		1862B39723BDD2A200A30134 /* ViewControllerTransitionAnimation.xcdatamodeld */ = {
			isa = XCVersionGroup;
			children = (
				1862B39823BDD2A200A30134 /* ViewControllerTransitionAnimation.xcdatamodel */,
			);
			currentVersion = 1862B39823BDD2A200A30134 /* ViewControllerTransitionAnimation.xcdatamodel */;
			path = ViewControllerTransitionAnimation.xcdatamodeld;
			sourceTree = "<group>";
			versionGroupType = wrapper.xcdatamodel;
		};
/* End XCVersionGroup section */
	};
	rootObject = 1862B38323BDD2A200A30134 /* Project object */;
}
